// !$*UTF8*$!
{
	archiveVersion = 1;
	classes = {
	};
	objectVersion = 46;
	objects = {

/* Begin PBXBuildFile section */
		83061FA61CC7178D008D5F7B /* method_of_the_dayView.h in Headers */ = {isa = PBXBuildFile; fileRef = 83061FA51CC7178D008D5F7B /* method_of_the_dayView.h */; };
		83061FA81CC7178D008D5F7B /* method_of_the_dayView.m in Sources */ = {isa = PBXBuildFile; fileRef = 83061FA71CC7178D008D5F7B /* method_of_the_dayView.m */; };
/* End PBXBuildFile section */

/* Begin PBXFileReference section */
		83061FA21CC7178D008D5F7B /* method-of-the-day.saver */ = {isa = PBXFileReference; explicitFileType = wrapper.cfbundle; includeInIndex = 0; path = "method-of-the-day.saver"; sourceTree = BUILT_PRODUCTS_DIR; };
		83061FA51CC7178D008D5F7B /* method_of_the_dayView.h */ = {isa = PBXFileReference; lastKnownFileType = sourcecode.c.h; path = method_of_the_dayView.h; sourceTree = "<group>"; };
		83061FA71CC7178D008D5F7B /* method_of_the_dayView.m */ = {isa = PBXFileReference; lastKnownFileType = sourcecode.c.objc; path = method_of_the_dayView.m; sourceTree = "<group>"; };
		83061FA91CC7178D008D5F7B /* Info.plist */ = {isa = PBXFileReference; lastKnownFileType = text.plist.xml; path = Info.plist; sourceTree = "<group>"; };
/* End PBXFileReference section */

/* Begin PBXFrameworksBuildPhase section */
		83061F9E1CC7178D008D5F7B /* Frameworks */ = {
			isa = PBXFrameworksBuildPhase;
			buildActionMask = 2147483647;
			files = (
			);
			runOnlyForDeploymentPostprocessing = 0;
		};
/* End PBXFrameworksBuildPhase section */

/* Begin PBXGroup section */
		83061F981CC7178D008D5F7B = {
			isa = PBXGroup;
			children = (
				83061FA41CC7178D008D5F7B /* method-of-the-day */,
				83061FA31CC7178D008D5F7B /* Products */,
			);
			sourceTree = "<group>";
		};
		83061FA31CC7178D008D5F7B /* Products */ = {
			isa = PBXGroup;
			children = (
				83061FA21CC7178D008D5F7B /* method-of-the-day.saver */,
			);
			name = Products;
			sourceTree = "<group>";
		};
		83061FA41CC7178D008D5F7B /* method-of-the-day */ = {
			isa = PBXGroup;
			children = (
				83061FA51CC7178D008D5F7B /* method_of_the_dayView.h */,
				83061FA71CC7178D008D5F7B /* method_of_the_dayView.m */,
				83061FA91CC7178D008D5F7B /* Info.plist */,
			);
			path = "method-of-the-day";
			sourceTree = "<group>";
		};
/* End PBXGroup section */

/* Begin PBXHeadersBuildPhase section */
		83061F9F1CC7178D008D5F7B /* Headers */ = {
			isa = PBXHeadersBuildPhase;
			buildActionMask = 2147483647;
			files = (
				83061FA61CC7178D008D5F7B /* method_of_the_dayView.h in Headers */,
			);
			runOnlyForDeploymentPostprocessing = 0;
		};
/* End PBXHeadersBuildPhase section */

/* Begin PBXNativeTarget section */
		83061FA11CC7178D008D5F7B /* method-of-the-day */ = {
			isa = PBXNativeTarget;
			buildConfigurationList = 83061FAC1CC7178D008D5F7B /* Build configuration list for PBXNativeTarget "method-of-the-day" */;
			buildPhases = (
				83061F9D1CC7178D008D5F7B /* Sources */,
				83061F9E1CC7178D008D5F7B /* Frameworks */,
				83061F9F1CC7178D008D5F7B /* Headers */,
				83061FA01CC7178D008D5F7B /* Resources */,
			);
			buildRules = (
			);
			dependencies = (
			);
			name = "method-of-the-day";
			productName = "method-of-the-day";
			productReference = 83061FA21CC7178D008D5F7B /* method-of-the-day.saver */;
			productType = "com.apple.product-type.bundle";
		};
/* End PBXNativeTarget section */

/* Begin PBXProject section */
		83061F991CC7178D008D5F7B /* Project object */ = {
			isa = PBXProject;
			attributes = {
				LastUpgradeCheck = 0730;
				ORGANIZATIONNAME = "Prestige Worldwide";
				TargetAttributes = {
					83061FA11CC7178D008D5F7B = {
						CreatedOnToolsVersion = 7.3;
					};
				};
			};
			buildConfigurationList = 83061F9C1CC7178D008D5F7B /* Build configuration list for PBXProject "method-of-the-day" */;
			compatibilityVersion = "Xcode 3.2";
			developmentRegion = English;
			hasScannedForEncodings = 0;
			knownRegions = (
				en,
			);
			mainGroup = 83061F981CC7178D008D5F7B;
			productRefGroup = 83061FA31CC7178D008D5F7B /* Products */;
			projectDirPath = "";
			projectRoot = "";
			targets = (
				83061FA11CC7178D008D5F7B /* method-of-the-day */,
			);
		};
/* End PBXProject section */

/* Begin PBXResourcesBuildPhase section */
		83061FA01CC7178D008D5F7B /* Resources */ = {
			isa = PBXResourcesBuildPhase;
			buildActionMask = 2147483647;
			files = (
			);
			runOnlyForDeploymentPostprocessing = 0;
		};
/* End PBXResourcesBuildPhase section */

/* Begin PBXSourcesBuildPhase section */
		83061F9D1CC7178D008D5F7B /* Sources */ = {
			isa = PBXSourcesBuildPhase;
			buildActionMask = 2147483647;
			files = (
				83061FA81CC7178D008D5F7B /* method_of_the_dayView.m in Sources */,
			);
			runOnlyForDeploymentPostprocessing = 0;
		};
/* End PBXSourcesBuildPhase section */

/* Begin XCBuildConfiguration section */
		83061FAA1CC7178D008D5F7B /* Debug */ = {
			isa = XCBuildConfiguration;
			buildSettings = {
				ALWAYS_SEARCH_USER_PATHS = NO;
				CLANG_ANALYZER_NONNULL = YES;
				CLANG_CXX_LANGUAGE_STANDARD = "gnu++0x";
				CLANG_CXX_LIBRARY = "libc++";
				CLANG_ENABLE_MODULES = YES;
				CLANG_ENABLE_OBJC_ARC = YES;
				CLANG_WARN_BOOL_CONVERSION = YES;
				CLANG_WARN_CONSTANT_CONVERSION = YES;
				CLANG_WARN_DIRECT_OBJC_ISA_USAGE = YES_ERROR;
				CLANG_WARN_EMPTY_BODY = YES;
				CLANG_WARN_ENUM_CONVERSION = YES;
				CLANG_WARN_INT_CONVERSION = YES;
				CLANG_WARN_OBJC_ROOT_CLASS = YES_ERROR;
				CLANG_WARN_UNREACHABLE_CODE = YES;
				CLANG_WARN__DUPLICATE_METHOD_MATCH = YES;
				CODE_SIGN_IDENTITY = "-";
				COPY_PHASE_STRIP = NO;
				DEBUG_INFORMATION_FORMAT = dwarf;
				ENABLE_STRICT_OBJC_MSGSEND = YES;
				ENABLE_TESTABILITY = YES;
				GCC_C_LANGUAGE_STANDARD = gnu99;
				GCC_DYNAMIC_NO_PIC = NO;
				GCC_NO_COMMON_BLOCKS = YES;
				GCC_OPTIMIZATION_LEVEL = 0;
				GCC_PREPROCESSOR_DEFINITIONS = (
					"DEBUG=1",
					"$(inherited)",
				);
				GCC_WARN_64_TO_32_BIT_CONVERSION = YES;
				GCC_WARN_ABOUT_RETURN_TYPE = YES_ERROR;
				GCC_WARN_UNDECLARED_SELECTOR = YES;
				GCC_WARN_UNINITIALIZED_AUTOS = YES_AGGRESSIVE;
				GCC_WARN_UNUSED_FUNCTION = YES;
				GCC_WARN_UNUSED_VARIABLE = YES;
				MACOSX_DEPLOYMENT_TARGET = 10.11;
				MTL_ENABLE_DEBUG_INFO = YES;
				ONLY_ACTIVE_ARCH = YES;
				SDKROOT = macosx;
			};
			name = Debug;
		};
		83061FAB1CC7178D008D5F7B /* Release */ = {
			isa = XCBuildConfiguration;
			buildSettings = {
				ALWAYS_SEARCH_USER_PATHS = NO;
				CLANG_ANALYZER_NONNULL = YES;
				CLANG_CXX_LANGUAGE_STANDARD = "gnu++0x";
				CLANG_CXX_LIBRARY = "libc++";
				CLANG_ENABLE_MODULES = YES;
				CLANG_ENABLE_OBJC_ARC = YES;
				CLANG_WARN_BOOL_CONVERSION = YES;
				CLANG_WARN_CONSTANT_CONVERSION = YES;
				CLANG_WARN_DIRECT_OBJC_ISA_USAGE = YES_ERROR;
				CLANG_WARN_EMPTY_BODY = YES;
				CLANG_WARN_ENUM_CONVERSION = YES;
				CLANG_WARN_INT_CONVERSION = YES;
				CLANG_WARN_OBJC_ROOT_CLASS = YES_ERROR;
				CLANG_WARN_UNREACHABLE_CODE = YES;
				CLANG_WARN__DUPLICATE_METHOD_MATCH = YES;
				CODE_SIGN_IDENTITY = "-";
				COPY_PHASE_STRIP = NO;
				DEBUG_INFORMATION_FORMAT = "dwarf-with-dsym";
				ENABLE_NS_ASSERTIONS = NO;
				ENABLE_STRICT_OBJC_MSGSEND = YES;
				GCC_C_LANGUAGE_STANDARD = gnu99;
				GCC_NO_COMMON_BLOCKS = YES;
				GCC_WARN_64_TO_32_BIT_CONVERSION = YES;
				GCC_WARN_ABOUT_RETURN_TYPE = YES_ERROR;
				GCC_WARN_UNDECLARED_SELECTOR = YES;
				GCC_WARN_UNINITIALIZED_AUTOS = YES_AGGRESSIVE;
				GCC_WARN_UNUSED_FUNCTION = YES;
				GCC_WARN_UNUSED_VARIABLE = YES;
				MACOSX_DEPLOYMENT_TARGET = 10.11;
				MTL_ENABLE_DEBUG_INFO = NO;
				SDKROOT = macosx;
			};
			name = Release;
		};
		83061FAD1CC7178D008D5F7B /* Debug */ = {
			isa = XCBuildConfiguration;
			buildSettings = {
				COMBINE_HIDPI_IMAGES = YES;
				INFOPLIST_FILE = "method-of-the-day/Info.plist";
				INSTALL_PATH = "$(HOME)/Library/Screen Savers";
				PRODUCT_BUNDLE_IDENTIFIER = "prestige-worldwide.method-of-the-day";
				PRODUCT_NAME = "$(TARGET_NAME)";
				WRAPPER_EXTENSION = saver;
			};
			name = Debug;
		};
		83061FAE1CC7178D008D5F7B /* Release */ = {
			isa = XCBuildConfiguration;
			buildSettings = {
				COMBINE_HIDPI_IMAGES = YES;
				INFOPLIST_FILE = "method-of-the-day/Info.plist";
				INSTALL_PATH = "$(HOME)/Library/Screen Savers";
				PRODUCT_BUNDLE_IDENTIFIER = "prestige-worldwide.method-of-the-day";
				PRODUCT_NAME = "$(TARGET_NAME)";
				WRAPPER_EXTENSION = saver;
			};
			name = Release;
		};
/* End XCBuildConfiguration section */

/* Begin XCConfigurationList section */
		83061F9C1CC7178D008D5F7B /* Build configuration list for PBXProject "method-of-the-day" */ = {
			isa = XCConfigurationList;
			buildConfigurations = (
				83061FAA1CC7178D008D5F7B /* Debug */,
				83061FAB1CC7178D008D5F7B /* Release */,
			);
			defaultConfigurationIsVisible = 0;
			defaultConfigurationName = Release;
		};
		83061FAC1CC7178D008D5F7B /* Build configuration list for PBXNativeTarget "method-of-the-day" */ = {
			isa = XCConfigurationList;
			buildConfigurations = (
				83061FAD1CC7178D008D5F7B /* Debug */,
				83061FAE1CC7178D008D5F7B /* Release */,
			);
			defaultConfigurationIsVisible = 0;
		};
/* End XCConfigurationList section */
	};
	rootObject = 83061F991CC7178D008D5F7B /* Project object */;
}
